
Microsoft Visual Studio Solution File, Format Version 12.00
# Visual Studio Version 16
VisualStudioVersion = 16.0.33801.447
MinimumVisualStudioVersion = 10.0.40219.1
Project("{FAE04EC0-301F-11D3-BF4B-00C04F79EFBC}") = "RegistrationApp", "RegistrationApp\RegistrationApp.csproj", "{D3E7ED7F-4A13-493B-AB45-2EC9C3704923}"
EndProject
Global
	GlobalSection(SolutionConfigurationPlatforms) = preSolution
		Debug|Any CPU = Debug|Any CPU
		Release|Any CPU = Release|Any CPU
	EndGlobalSection
	GlobalSection(ProjectConfigurationPlatforms) = postSolution
		{D3E7ED7F-4A13-493B-AB45-2EC9C3704923}.Debug|Any CPU.ActiveCfg = Debug|Any CPU
		{D3E7ED7F-4A13-493B-AB45-2EC9C3704923}.Debug|Any CPU.Build.0 = Debug|Any CPU
		{D3E7ED7F-4A13-493B-AB45-2EC9C3704923}.Release|Any CPU.ActiveCfg = Release|Any CPU
		{D3E7ED7F-4A13-493B-AB45-2EC9C3704923}.Release|Any CPU.Build.0 = Release|Any CPU
	EndGlobalSection
	GlobalSection(SolutionProperties) = preSolution
		HideSolutionNode = FALSE
	EndGlobalSection
	GlobalSection(ExtensibilityGlobals) = postSolution
		SolutionGuid = {B645ABDC-E42A-439F-9F04-9DB9FD8F696C}
	EndGlobalSection
EndGlobal
